
Microsoft Visual Studio Solution File, Format Version 12.00
# Visual Studio Version 17
VisualStudioVersion = 17.1.32421.90
MinimumVisualStudioVersion = 10.0.40219.1
Project("{FAE04EC0-301F-11D3-BF4B-00C04F79EFBC}") = "ElevenNoteWebApi.Server", "ElevenNoteWebApi\Server\ElevenNoteWebApi.Server.csproj", "{F1F88F89-0CF7-401C-BDCE-47CAAE11CD9E}"
EndProject
Project("{FAE04EC0-301F-11D3-BF4B-00C04F79EFBC}") = "ElevenNoteWebApi.Client", "ElevenNoteWebApi\Client\ElevenNoteWebApi.Client.csproj", "{29ED1876-F540-4FB7-A639-FC83A063A94F}"
EndProject
Project("{FAE04EC0-301F-11D3-BF4B-00C04F79EFBC}") = "ElevenNoteWebApi.Shared", "ElevenNoteWebApi\Shared\ElevenNoteWebApi.Shared.csproj", "{8DC5C555-4C29-419C-9DAB-252351F3F9DE}"
EndProject
Global
	GlobalSection(SolutionConfigurationPlatforms) = preSolution
		Debug|Any CPU = Debug|Any CPU
		Release|Any CPU = Release|Any CPU
	EndGlobalSection
	GlobalSection(ProjectConfigurationPlatforms) = postSolution
		{F1F88F89-0CF7-401C-BDCE-47CAAE11CD9E}.Debug|Any CPU.ActiveCfg = Debug|Any CPU
		{F1F88F89-0CF7-401C-BDCE-47CAAE11CD9E}.Debug|Any CPU.Build.0 = Debug|Any CPU
		{F1F88F89-0CF7-401C-BDCE-47CAAE11CD9E}.Release|Any CPU.ActiveCfg = Release|Any CPU
		{F1F88F89-0CF7-401C-BDCE-47CAAE11CD9E}.Release|Any CPU.Build.0 = Release|Any CPU
		{29ED1876-F540-4FB7-A639-FC83A063A94F}.Debug|Any CPU.ActiveCfg = Debug|Any CPU
		{29ED1876-F540-4FB7-A639-FC83A063A94F}.Debug|Any CPU.Build.0 = Debug|Any CPU
		{29ED1876-F540-4FB7-A639-FC83A063A94F}.Release|Any CPU.ActiveCfg = Release|Any CPU
		{29ED1876-F540-4FB7-A639-FC83A063A94F}.Release|Any CPU.Build.0 = Release|Any CPU
		{8DC5C555-4C29-419C-9DAB-252351F3F9DE}.Debug|Any CPU.ActiveCfg = Debug|Any CPU
		{8DC5C555-4C29-419C-9DAB-252351F3F9DE}.Debug|Any CPU.Build.0 = Debug|Any CPU
		{8DC5C555-4C29-419C-9DAB-252351F3F9DE}.Release|Any CPU.ActiveCfg = Release|Any CPU
		{8DC5C555-4C29-419C-9DAB-252351F3F9DE}.Release|Any CPU.Build.0 = Release|Any CPU
	EndGlobalSection
	GlobalSection(SolutionProperties) = preSolution
		HideSolutionNode = FALSE
	EndGlobalSection
	GlobalSection(ExtensibilityGlobals) = postSolution
		SolutionGuid = {F803411C-5504-491B-90B0-A5C2E15A4A3E}
	EndGlobalSection
EndGlobal
